
Microsoft Visual Studio Solution File, Format Version 12.00
# Visual Studio Version 17
VisualStudioVersion = 17.11.35327.3
MinimumVisualStudioVersion = 10.0.40219.1
Project("{FAE04EC0-301F-11D3-BF4B-00C04F79EFBC}") = "Bandas", "Bandas.csproj", "{8CD13CF6-F5BE-48CF-BA00-5A38ACBA2FDD}"
EndProject
Global
	GlobalSection(SolutionConfigurationPlatforms) = preSolution
		Debug|Any CPU = Debug|Any CPU
		Release|Any CPU = Release|Any CPU
	EndGlobalSection
	GlobalSection(ProjectConfigurationPlatforms) = postSolution
		{8CD13CF6-F5BE-48CF-BA00-5A38ACBA2FDD}.Debug|Any CPU.ActiveCfg = Debug|Any CPU
		{8CD13CF6-F5BE-48CF-BA00-5A38ACBA2FDD}.Debug|Any CPU.Build.0 = Debug|Any CPU
		{8CD13CF6-F5BE-48CF-BA00-5A38ACBA2FDD}.Release|Any CPU.ActiveCfg = Release|Any CPU
		{8CD13CF6-F5BE-48CF-BA00-5A38ACBA2FDD}.Release|Any CPU.Build.0 = Release|Any CPU
	EndGlobalSection
	GlobalSection(SolutionProperties) = preSolution
		HideSolutionNode = FALSE
	EndGlobalSection
	GlobalSection(ExtensibilityGlobals) = postSolution
		SolutionGuid = {B545983A-CDD0-44DC-A8E0-02CD30280EAD}
	EndGlobalSection
EndGlobal
